
Microsoft Visual Studio Solution File, Format Version 11.00
# Visual Studio 2010
Project("{FAE04EC0-301F-11D3-BF4B-00C04F79EFBC}") = "RiftData", "Presentation\RiftData\RiftData.csproj", "{FFAC8363-3B13-4327-A21D-04D22EEDCF4E}"
EndProject
Project("{2150E333-8FDC-42A3-9474-1A3956D46DE8}") = "Domain", "Domain", "{5D969D07-23A8-49D0-A291-162A693E0591}"
EndProject
Project("{FAE04EC0-301F-11D3-BF4B-00C04F79EFBC}") = "RiftData.Domain", "Domain\RiftData.Domain\RiftData.Domain.csproj", "{F5F86ED6-13D5-4911-9E86-4DAB2426D900}"
EndProject
Project("{2150E333-8FDC-42A3-9474-1A3956D46DE8}") = "Presentation", "Presentation", "{73270FF4-19CC-4576-96F1-7D733418A574}"
EndProject
Project("{2150E333-8FDC-42A3-9474-1A3956D46DE8}") = "ApplicationServices", "ApplicationServices", "{51BBE9A2-9B48-444B-B64A-DDA88550BAB7}"
EndProject
Project("{FAE04EC0-301F-11D3-BF4B-00C04F79EFBC}") = "RiftData.ApplicationServices", "ApplicationServices\RiftData.ApplicationServices\RiftData.ApplicationServices.csproj", "{12F5CC2A-6B13-4EB8-A104-466143F82D90}"
EndProject
Project("{2150E333-8FDC-42A3-9474-1A3956D46DE8}") = "Infrastructure", "Infrastructure", "{F465F618-D2AA-4CF5-8CEF-0AA72728A302}"
EndProject
Project("{FAE04EC0-301F-11D3-BF4B-00C04F79EFBC}") = "RiftData.Infrastructure.Data", "Infrastructure\RiftData.Infrastructure.Data\RiftData.Infrastructure.Data.csproj", "{04BB9AC8-E597-45BC-AAFA-771F17FD1F4E}"
EndProject
Project("{2150E333-8FDC-42A3-9474-1A3956D46DE8}") = "Tests", "Tests", "{518D1E6D-D80F-47EA-ADDE-1C0F6E30A3F5}"
EndProject
Project("{FAE04EC0-301F-11D3-BF4B-00C04F79EFBC}") = "RiftData.Presentation.ViewModels", "Presentation\RiftData.Presentation.ViewModels\RiftData.Presentation.ViewModels.csproj", "{1E84268C-9D18-4844-B170-2A2222C80998}"
EndProject
Project("{FAE04EC0-301F-11D3-BF4B-00C04F79EFBC}") = "RiftData.Presentation.Contracts", "Presentation\RiftData.Presentation.Contracts\RiftData.Presentation.Contracts.csproj", "{E32B17CA-EE88-4F92-A6EE-25C3EE640139}"
EndProject
Project("{FAE04EC0-301F-11D3-BF4B-00C04F79EFBC}") = "RiftData.Presentation.SiteMap", "Presentation\RiftData.Presentation.SiteMap\RiftData.Presentation.SiteMap.csproj", "{A501189B-626F-4ABF-A036-1F87CB1C9159}"
EndProject
Project("{FAE04EC0-301F-11D3-BF4B-00C04F79EFBC}") = "RiftData.Infrastructure.Flickr", "Infrastructure\RiftData.Infrastructure.Flickr\RiftData.Infrastructure.Flickr.csproj", "{E9398CFE-0318-4A15-AF0B-1BC2DEE4C85D}"
EndProject
Project("{2150E333-8FDC-42A3-9474-1A3956D46DE8}") = "Data", "Data", "{9A9E05BB-6979-497A-92FF-E2D584433D77}"
EndProject
Project("{C8D11400-126E-41CD-887F-60BD40844F9E}") = "RiftData.Data", "Data\RiftData.Data\RiftData.Data.dbproj", "{67CBC824-A49E-4E9B-A947-360F3DFE65C3}"
EndProject
Project("{FAE04EC0-301F-11D3-BF4B-00C04F79EFBC}") = "RiftData.UnitTests", "Tests\RiftData.UnitTests\RiftData.UnitTests.csproj", "{04CFA3C8-D30A-43D7-A418-F85E9223199B}"
EndProject
Project("{FAE04EC0-301F-11D3-BF4B-00C04F79EFBC}") = "RiftData.IntegrationTests", "Tests\RiftData.IntegrationTests\RiftData.IntegrationTests.csproj", "{AA2125A9-F6BF-4DE2-B3D3-26BE533D4294}"
EndProject
Project("{FAE04EC0-301F-11D3-BF4B-00C04F79EFBC}") = "RiftData.UiTests", "Tests\RiftData.UiTests\RiftData.UiTests.csproj", "{D637AF4F-C273-4147-A63C-0A594DAF9C72}"
EndProject
Project("{FAE04EC0-301F-11D3-BF4B-00C04F79EFBC}") = "RiftData.Infrastructure.Mailgun", "Infrastructure\RiftData.Infrastructure.Mailgun\RiftData.Infrastructure.Mailgun.csproj", "{4502F2FE-1B2D-47C6-9A42-881A6FC398BC}"
EndProject
Global
	GlobalSection(SolutionConfigurationPlatforms) = preSolution
		Debug|Any CPU = Debug|Any CPU
		Release|Any CPU = Release|Any CPU
	EndGlobalSection
	GlobalSection(ProjectConfigurationPlatforms) = postSolution
		{FFAC8363-3B13-4327-A21D-04D22EEDCF4E}.Debug|Any CPU.ActiveCfg = Release|Any CPU
		{FFAC8363-3B13-4327-A21D-04D22EEDCF4E}.Debug|Any CPU.Build.0 = Release|Any CPU
		{FFAC8363-3B13-4327-A21D-04D22EEDCF4E}.Release|Any CPU.ActiveCfg = Release|Any CPU
		{FFAC8363-3B13-4327-A21D-04D22EEDCF4E}.Release|Any CPU.Build.0 = Release|Any CPU
		{F5F86ED6-13D5-4911-9E86-4DAB2426D900}.Debug|Any CPU.ActiveCfg = Release|Any CPU
		{F5F86ED6-13D5-4911-9E86-4DAB2426D900}.Debug|Any CPU.Build.0 = Release|Any CPU
		{F5F86ED6-13D5-4911-9E86-4DAB2426D900}.Release|Any CPU.ActiveCfg = Release|Any CPU
		{F5F86ED6-13D5-4911-9E86-4DAB2426D900}.Release|Any CPU.Build.0 = Release|Any CPU
		{12F5CC2A-6B13-4EB8-A104-466143F82D90}.Debug|Any CPU.ActiveCfg = Release|Any CPU
		{12F5CC2A-6B13-4EB8-A104-466143F82D90}.Debug|Any CPU.Build.0 = Release|Any CPU
		{12F5CC2A-6B13-4EB8-A104-466143F82D90}.Release|Any CPU.ActiveCfg = Release|Any CPU
		{12F5CC2A-6B13-4EB8-A104-466143F82D90}.Release|Any CPU.Build.0 = Release|Any CPU
		{04BB9AC8-E597-45BC-AAFA-771F17FD1F4E}.Debug|Any CPU.ActiveCfg = Release|Any CPU
		{04BB9AC8-E597-45BC-AAFA-771F17FD1F4E}.Debug|Any CPU.Build.0 = Release|Any CPU
		{04BB9AC8-E597-45BC-AAFA-771F17FD1F4E}.Release|Any CPU.ActiveCfg = Release|Any CPU
		{04BB9AC8-E597-45BC-AAFA-771F17FD1F4E}.Release|Any CPU.Build.0 = Release|Any CPU
		{1E84268C-9D18-4844-B170-2A2222C80998}.Debug|Any CPU.ActiveCfg = Release|Any CPU
		{1E84268C-9D18-4844-B170-2A2222C80998}.Debug|Any CPU.Build.0 = Release|Any CPU
		{1E84268C-9D18-4844-B170-2A2222C80998}.Release|Any CPU.ActiveCfg = Release|Any CPU
		{1E84268C-9D18-4844-B170-2A2222C80998}.Release|Any CPU.Build.0 = Release|Any CPU
		{E32B17CA-EE88-4F92-A6EE-25C3EE640139}.Debug|Any CPU.ActiveCfg = Release|Any CPU
		{E32B17CA-EE88-4F92-A6EE-25C3EE640139}.Debug|Any CPU.Build.0 = Release|Any CPU
		{E32B17CA-EE88-4F92-A6EE-25C3EE640139}.Release|Any CPU.ActiveCfg = Release|Any CPU
		{E32B17CA-EE88-4F92-A6EE-25C3EE640139}.Release|Any CPU.Build.0 = Release|Any CPU
		{A501189B-626F-4ABF-A036-1F87CB1C9159}.Debug|Any CPU.ActiveCfg = Release|Any CPU
		{A501189B-626F-4ABF-A036-1F87CB1C9159}.Debug|Any CPU.Build.0 = Release|Any CPU
		{A501189B-626F-4ABF-A036-1F87CB1C9159}.Release|Any CPU.ActiveCfg = Release|Any CPU
		{A501189B-626F-4ABF-A036-1F87CB1C9159}.Release|Any CPU.Build.0 = Release|Any CPU
		{E9398CFE-0318-4A15-AF0B-1BC2DEE4C85D}.Debug|Any CPU.ActiveCfg = Release|Any CPU
		{E9398CFE-0318-4A15-AF0B-1BC2DEE4C85D}.Debug|Any CPU.Build.0 = Release|Any CPU
		{E9398CFE-0318-4A15-AF0B-1BC2DEE4C85D}.Release|Any CPU.ActiveCfg = Release|Any CPU
		{E9398CFE-0318-4A15-AF0B-1BC2DEE4C85D}.Release|Any CPU.Build.0 = Release|Any CPU
		{67CBC824-A49E-4E9B-A947-360F3DFE65C3}.Debug|Any CPU.ActiveCfg = Release|Any CPU
		{67CBC824-A49E-4E9B-A947-360F3DFE65C3}.Debug|Any CPU.Build.0 = Release|Any CPU
		{67CBC824-A49E-4E9B-A947-360F3DFE65C3}.Release|Any CPU.ActiveCfg = Release|Any CPU
		{04CFA3C8-D30A-43D7-A418-F85E9223199B}.Debug|Any CPU.ActiveCfg = Release|Any CPU
		{04CFA3C8-D30A-43D7-A418-F85E9223199B}.Debug|Any CPU.Build.0 = Release|Any CPU
		{04CFA3C8-D30A-43D7-A418-F85E9223199B}.Release|Any CPU.ActiveCfg = Release|Any CPU
		{04CFA3C8-D30A-43D7-A418-F85E9223199B}.Release|Any CPU.Build.0 = Release|Any CPU
		{AA2125A9-F6BF-4DE2-B3D3-26BE533D4294}.Debug|Any CPU.ActiveCfg = Release|Any CPU
		{AA2125A9-F6BF-4DE2-B3D3-26BE533D4294}.Debug|Any CPU.Build.0 = Release|Any CPU
		{AA2125A9-F6BF-4DE2-B3D3-26BE533D4294}.Release|Any CPU.ActiveCfg = Release|Any CPU
		{AA2125A9-F6BF-4DE2-B3D3-26BE533D4294}.Release|Any CPU.Build.0 = Release|Any CPU
		{D637AF4F-C273-4147-A63C-0A594DAF9C72}.Debug|Any CPU.ActiveCfg = Release|Any CPU
		{D637AF4F-C273-4147-A63C-0A594DAF9C72}.Debug|Any CPU.Build.0 = Release|Any CPU
		{D637AF4F-C273-4147-A63C-0A594DAF9C72}.Release|Any CPU.ActiveCfg = Release|Any CPU
		{D637AF4F-C273-4147-A63C-0A594DAF9C72}.Release|Any CPU.Build.0 = Release|Any CPU
		{4502F2FE-1B2D-47C6-9A42-881A6FC398BC}.Debug|Any CPU.ActiveCfg = Debug|Any CPU
		{4502F2FE-1B2D-47C6-9A42-881A6FC398BC}.Debug|Any CPU.Build.0 = Debug|Any CPU
		{4502F2FE-1B2D-47C6-9A42-881A6FC398BC}.Release|Any CPU.ActiveCfg = Release|Any CPU
		{4502F2FE-1B2D-47C6-9A42-881A6FC398BC}.Release|Any CPU.Build.0 = Release|Any CPU
	EndGlobalSection
	GlobalSection(SolutionProperties) = preSolution
		HideSolutionNode = FALSE
	EndGlobalSection
	GlobalSection(NestedProjects) = preSolution
		{FFAC8363-3B13-4327-A21D-04D22EEDCF4E} = {73270FF4-19CC-4576-96F1-7D733418A574}
		{1E84268C-9D18-4844-B170-2A2222C80998} = {73270FF4-19CC-4576-96F1-7D733418A574}
		{E32B17CA-EE88-4F92-A6EE-25C3EE640139} = {73270FF4-19CC-4576-96F1-7D733418A574}
		{A501189B-626F-4ABF-A036-1F87CB1C9159} = {73270FF4-19CC-4576-96F1-7D733418A574}
		{F5F86ED6-13D5-4911-9E86-4DAB2426D900} = {5D969D07-23A8-49D0-A291-162A693E0591}
		{12F5CC2A-6B13-4EB8-A104-466143F82D90} = {51BBE9A2-9B48-444B-B64A-DDA88550BAB7}
		{04BB9AC8-E597-45BC-AAFA-771F17FD1F4E} = {F465F618-D2AA-4CF5-8CEF-0AA72728A302}
		{E9398CFE-0318-4A15-AF0B-1BC2DEE4C85D} = {F465F618-D2AA-4CF5-8CEF-0AA72728A302}
		{4502F2FE-1B2D-47C6-9A42-881A6FC398BC} = {F465F618-D2AA-4CF5-8CEF-0AA72728A302}
		{04CFA3C8-D30A-43D7-A418-F85E9223199B} = {518D1E6D-D80F-47EA-ADDE-1C0F6E30A3F5}
		{AA2125A9-F6BF-4DE2-B3D3-26BE533D4294} = {518D1E6D-D80F-47EA-ADDE-1C0F6E30A3F5}
		{D637AF4F-C273-4147-A63C-0A594DAF9C72} = {518D1E6D-D80F-47EA-ADDE-1C0F6E30A3F5}
		{67CBC824-A49E-4E9B-A947-360F3DFE65C3} = {9A9E05BB-6979-497A-92FF-E2D584433D77}
	EndGlobalSection
EndGlobal
